// !$*UTF8*$!
{
	archiveVersion = 1;
	classes = {
	};
	objectVersion = 55;
	objects = {

/* Begin PBXBuildFile section */
		8F0D540827BD7EC60020B033 /* Login_SignupView.swift in Sources */ = {isa = PBXBuildFile; fileRef = 8F0D540727BD7EC60020B033 /* Login_SignupView.swift */; };
		8F0D540927BD7EC60020B033 /* Login_SignupView.swift in Sources */ = {isa = PBXBuildFile; fileRef = 8F0D540727BD7EC60020B033 /* Login_SignupView.swift */; };
		8F31F33127BECBFC00D0D119 /* FirebaseAuth in Frameworks */ = {isa = PBXBuildFile; productRef = 8F31F33027BECBFC00D0D119 /* FirebaseAuth */; };
		8F31F33427BECF6700D0D119 /* GoogleSignIn in Frameworks */ = {isa = PBXBuildFile; productRef = 8F31F33327BECF6700D0D119 /* GoogleSignIn */; };
		8F31F33627BED0DA00D0D119 /* GoogleService-Info.plist in Resources */ = {isa = PBXBuildFile; fileRef = 8F31F33527BED0D900D0D119 /* GoogleService-Info.plist */; };
		8F31F33727BED0DA00D0D119 /* GoogleService-Info.plist in Resources */ = {isa = PBXBuildFile; fileRef = 8F31F33527BED0D900D0D119 /* GoogleService-Info.plist */; };
		8F680F0927B842A800889838 /* Liquid.xcdatamodeld in Sources */ = {isa = PBXBuildFile; fileRef = 8F680EF627B842A600889838 /* Liquid.xcdatamodeld */; };
		8F680F0A27B842A800889838 /* Liquid.xcdatamodeld in Sources */ = {isa = PBXBuildFile; fileRef = 8F680EF627B842A600889838 /* Liquid.xcdatamodeld */; };
		8F680F0B27B842A800889838 /* LiquidApp.swift in Sources */ = {isa = PBXBuildFile; fileRef = 8F680EF827B842A600889838 /* LiquidApp.swift */; };
		8F680F0C27B842A800889838 /* LiquidApp.swift in Sources */ = {isa = PBXBuildFile; fileRef = 8F680EF827B842A600889838 /* LiquidApp.swift */; };
		8F680F0D27B842A800889838 /* ContentView.swift in Sources */ = {isa = PBXBuildFile; fileRef = 8F680EF927B842A600889838 /* ContentView.swift */; };
		8F680F0E27B842A800889838 /* ContentView.swift in Sources */ = {isa = PBXBuildFile; fileRef = 8F680EF927B842A600889838 /* ContentView.swift */; };
		8F680F0F27B842A800889838 /* Persistence.swift in Sources */ = {isa = PBXBuildFile; fileRef = 8F680EFA27B842A600889838 /* Persistence.swift */; };
		8F680F1027B842A800889838 /* Persistence.swift in Sources */ = {isa = PBXBuildFile; fileRef = 8F680EFA27B842A600889838 /* Persistence.swift */; };
		8F680F1127B842A800889838 /* Assets.xcassets in Resources */ = {isa = PBXBuildFile; fileRef = 8F680EFB27B842A800889838 /* Assets.xcassets */; };
		8F680F1227B842A800889838 /* Assets.xcassets in Resources */ = {isa = PBXBuildFile; fileRef = 8F680EFB27B842A800889838 /* Assets.xcassets */; };
		8F680F1C27B8440400889838 /* Launch Screen.storyboard in Resources */ = {isa = PBXBuildFile; fileRef = 8F680F1B27B8440400889838 /* Launch Screen.storyboard */; };
		8FE05BAB27B8CF02002B4DBA /* HomeView.swift in Sources */ = {isa = PBXBuildFile; fileRef = 8FE05BAA27B8CF02002B4DBA /* HomeView.swift */; };
		8FE05BAC27B8CF02002B4DBA /* HomeView.swift in Sources */ = {isa = PBXBuildFile; fileRef = 8FE05BAA27B8CF02002B4DBA /* HomeView.swift */; };
		8FE05BAE27B8CF12002B4DBA /* JournalView.swift in Sources */ = {isa = PBXBuildFile; fileRef = 8FE05BAD27B8CF12002B4DBA /* JournalView.swift */; };
		8FE05BAF27B8CF12002B4DBA /* JournalView.swift in Sources */ = {isa = PBXBuildFile; fileRef = 8FE05BAD27B8CF12002B4DBA /* JournalView.swift */; };
		8FE05BB127B8CF21002B4DBA /* SettingsView.swift in Sources */ = {isa = PBXBuildFile; fileRef = 8FE05BB027B8CF21002B4DBA /* SettingsView.swift */; };
		8FE05BB227B8CF21002B4DBA /* SettingsView.swift in Sources */ = {isa = PBXBuildFile; fileRef = 8FE05BB027B8CF21002B4DBA /* SettingsView.swift */; };
		8FEA84E527BF78D90090B10C /* ResetPasswordView.swift in Sources */ = {isa = PBXBuildFile; fileRef = 8FEA84E427BF78D90090B10C /* ResetPasswordView.swift */; };
		8FEA84E627BF78D90090B10C /* ResetPasswordView.swift in Sources */ = {isa = PBXBuildFile; fileRef = 8FEA84E427BF78D90090B10C /* ResetPasswordView.swift */; };
/* End PBXBuildFile section */

/* Begin PBXFileReference section */
		8F0D540727BD7EC60020B033 /* Login_SignupView.swift */ = {isa = PBXFileReference; lastKnownFileType = sourcecode.swift; path = Login_SignupView.swift; sourceTree = "<group>"; };
		8F31F33527BED0D900D0D119 /* GoogleService-Info.plist */ = {isa = PBXFileReference; fileEncoding = 4; lastKnownFileType = text.plist.xml; name = "GoogleService-Info.plist"; path = "../../Downloads/GoogleService-Info.plist"; sourceTree = "<group>"; };
		8F680EF727B842A600889838 /* Shared.xcdatamodel */ = {isa = PBXFileReference; lastKnownFileType = wrapper.xcdatamodel; path = Shared.xcdatamodel; sourceTree = "<group>"; };
		8F680EF827B842A600889838 /* LiquidApp.swift */ = {isa = PBXFileReference; lastKnownFileType = sourcecode.swift; path = LiquidApp.swift; sourceTree = "<group>"; };
		8F680EF927B842A600889838 /* ContentView.swift */ = {isa = PBXFileReference; lastKnownFileType = sourcecode.swift; path = ContentView.swift; sourceTree = "<group>"; };
		8F680EFA27B842A600889838 /* Persistence.swift */ = {isa = PBXFileReference; lastKnownFileType = sourcecode.swift; path = Persistence.swift; sourceTree = "<group>"; };
		8F680EFB27B842A800889838 /* Assets.xcassets */ = {isa = PBXFileReference; lastKnownFileType = folder.assetcatalog; path = Assets.xcassets; sourceTree = "<group>"; };
		8F680F0027B842A800889838 /* Liquid.app */ = {isa = PBXFileReference; explicitFileType = wrapper.application; includeInIndex = 0; path = Liquid.app; sourceTree = BUILT_PRODUCTS_DIR; };
		8F680F0627B842A800889838 /* Liquid.app */ = {isa = PBXFileReference; explicitFileType = wrapper.application; includeInIndex = 0; path = Liquid.app; sourceTree = BUILT_PRODUCTS_DIR; };
		8F680F0827B842A800889838 /* macOS.entitlements */ = {isa = PBXFileReference; lastKnownFileType = text.plist.entitlements; path = macOS.entitlements; sourceTree = "<group>"; };
		8F680F1B27B8440400889838 /* Launch Screen.storyboard */ = {isa = PBXFileReference; lastKnownFileType = file.storyboard; path = "Launch Screen.storyboard"; sourceTree = "<group>"; };
		8FE05BAA27B8CF02002B4DBA /* HomeView.swift */ = {isa = PBXFileReference; lastKnownFileType = sourcecode.swift; path = HomeView.swift; sourceTree = "<group>"; };
		8FE05BAD27B8CF12002B4DBA /* JournalView.swift */ = {isa = PBXFileReference; lastKnownFileType = sourcecode.swift; path = JournalView.swift; sourceTree = "<group>"; };
		8FE05BB027B8CF21002B4DBA /* SettingsView.swift */ = {isa = PBXFileReference; lastKnownFileType = sourcecode.swift; path = SettingsView.swift; sourceTree = "<group>"; };
		8FEA84E427BF78D90090B10C /* ResetPasswordView.swift */ = {isa = PBXFileReference; lastKnownFileType = sourcecode.swift; path = ResetPasswordView.swift; sourceTree = "<group>"; };
		8FEEDD4E27BE340A00E2ED4A /* Liquid (iOS).entitlements */ = {isa = PBXFileReference; lastKnownFileType = text.plist.entitlements; path = "Liquid (iOS).entitlements"; sourceTree = "<group>"; };
/* End PBXFileReference section */

/* Begin PBXFrameworksBuildPhase section */
		8F680EFD27B842A800889838 /* Frameworks */ = {
			isa = PBXFrameworksBuildPhase;
			buildActionMask = 2147483647;
			files = (
				8F31F33127BECBFC00D0D119 /* FirebaseAuth in Frameworks */,
				8F31F33427BECF6700D0D119 /* GoogleSignIn in Frameworks */,
			);
			runOnlyForDeploymentPostprocessing = 0;
		};
		8F680F0327B842A800889838 /* Frameworks */ = {
			isa = PBXFrameworksBuildPhase;
			buildActionMask = 2147483647;
			files = (
			);
			runOnlyForDeploymentPostprocessing = 0;
		};
/* End PBXFrameworksBuildPhase section */

/* Begin PBXGroup section */
		8F680EF027B842A600889838 = {
			isa = PBXGroup;
			children = (
				8F31F33527BED0D900D0D119 /* GoogleService-Info.plist */,
				8FEEDD4E27BE340A00E2ED4A /* Liquid (iOS).entitlements */,
				8F680F1B27B8440400889838 /* Launch Screen.storyboard */,
				8F680EF527B842A600889838 /* Shared */,
				8F680F0727B842A800889838 /* macOS */,
				8F680F0127B842A800889838 /* Products */,
			);
			sourceTree = "<group>";
		};
		8F680EF527B842A600889838 /* Shared */ = {
			isa = PBXGroup;
			children = (
				8F680EF827B842A600889838 /* LiquidApp.swift */,
				8F680EF927B842A600889838 /* ContentView.swift */,
				8F680EFA27B842A600889838 /* Persistence.swift */,
				8F680EFB27B842A800889838 /* Assets.xcassets */,
				8F680EF627B842A600889838 /* Liquid.xcdatamodeld */,
				8FE05BAA27B8CF02002B4DBA /* HomeView.swift */,
				8FE05BAD27B8CF12002B4DBA /* JournalView.swift */,
				8FE05BB027B8CF21002B4DBA /* SettingsView.swift */,
				8F0D540727BD7EC60020B033 /* Login_SignupView.swift */,
				8FEA84E427BF78D90090B10C /* ResetPasswordView.swift */,
			);
			path = Shared;
			sourceTree = "<group>";
		};
		8F680F0127B842A800889838 /* Products */ = {
			isa = PBXGroup;
			children = (
				8F680F0027B842A800889838 /* Liquid.app */,
				8F680F0627B842A800889838 /* Liquid.app */,
			);
			name = Products;
			sourceTree = "<group>";
		};
		8F680F0727B842A800889838 /* macOS */ = {
			isa = PBXGroup;
			children = (
				8F680F0827B842A800889838 /* macOS.entitlements */,
			);
			path = macOS;
			sourceTree = "<group>";
		};
/* End PBXGroup section */

/* Begin PBXNativeTarget section */
		8F680EFF27B842A800889838 /* Liquid (iOS) */ = {
			isa = PBXNativeTarget;
			buildConfigurationList = 8F680F1527B842A800889838 /* Build configuration list for PBXNativeTarget "Liquid (iOS)" */;
			buildPhases = (
				8F680EFC27B842A800889838 /* Sources */,
				8F680EFD27B842A800889838 /* Frameworks */,
				8F680EFE27B842A800889838 /* Resources */,
			);
			buildRules = (
			);
			dependencies = (
			);
			name = "Liquid (iOS)";
			packageProductDependencies = (
				8F31F33027BECBFC00D0D119 /* FirebaseAuth */,
				8F31F33327BECF6700D0D119 /* GoogleSignIn */,
			);
			productName = "Liquid (iOS)";
			productReference = 8F680F0027B842A800889838 /* Liquid.app */;
			productType = "com.apple.product-type.application";
		};
		8F680F0527B842A800889838 /* Liquid (macOS) */ = {
			isa = PBXNativeTarget;
			buildConfigurationList = 8F680F1827B842A800889838 /* Build configuration list for PBXNativeTarget "Liquid (macOS)" */;
			buildPhases = (
				8F680F0227B842A800889838 /* Sources */,
				8F680F0327B842A800889838 /* Frameworks */,
				8F680F0427B842A800889838 /* Resources */,
			);
			buildRules = (
			);
			dependencies = (
			);
			name = "Liquid (macOS)";
			productName = "Liquid (macOS)";
			productReference = 8F680F0627B842A800889838 /* Liquid.app */;
			productType = "com.apple.product-type.application";
		};
/* End PBXNativeTarget section */

/* Begin PBXProject section */
		8F680EF127B842A600889838 /* Project object */ = {
			isa = PBXProject;
			attributes = {
				BuildIndependentTargetsInParallel = 1;
				LastSwiftUpdateCheck = 1320;
				LastUpgradeCheck = 1320;
				TargetAttributes = {
					8F680EFF27B842A800889838 = {
						CreatedOnToolsVersion = 13.2.1;
					};
					8F680F0527B842A800889838 = {
						CreatedOnToolsVersion = 13.2.1;
					};
				};
			};
			buildConfigurationList = 8F680EF427B842A600889838 /* Build configuration list for PBXProject "Liquid" */;
			compatibilityVersion = "Xcode 13.0";
			developmentRegion = en;
			hasScannedForEncodings = 0;
			knownRegions = (
				en,
				Base,
			);
			mainGroup = 8F680EF027B842A600889838;
			packageReferences = (
				8F31F32F27BECBFC00D0D119 /* XCRemoteSwiftPackageReference "firebase-ios-sdk" */,
				8F31F33227BECF6700D0D119 /* XCRemoteSwiftPackageReference "GoogleSignin-IOS" */,
			);
			productRefGroup = 8F680F0127B842A800889838 /* Products */;
			projectDirPath = "";
			projectRoot = "";
			targets = (
				8F680EFF27B842A800889838 /* Liquid (iOS) */,
				8F680F0527B842A800889838 /* Liquid (macOS) */,
			);
		};
/* End PBXProject section */

/* Begin PBXResourcesBuildPhase section */
		8F680EFE27B842A800889838 /* Resources */ = {
			isa = PBXResourcesBuildPhase;
			buildActionMask = 2147483647;
			files = (
				8F680F1C27B8440400889838 /* Launch Screen.storyboard in Resources */,
				8F31F33627BED0DA00D0D119 /* GoogleService-Info.plist in Resources */,
				8F680F1127B842A800889838 /* Assets.xcassets in Resources */,
			);
			runOnlyForDeploymentPostprocessing = 0;
		};
		8F680F0427B842A800889838 /* Resources */ = {
			isa = PBXResourcesBuildPhase;
			buildActionMask = 2147483647;
			files = (
				8F680F1227B842A800889838 /* Assets.xcassets in Resources */,
				8F31F33727BED0DA00D0D119 /* GoogleService-Info.plist in Resources */,
			);
			runOnlyForDeploymentPostprocessing = 0;
		};
/* End PBXResourcesBuildPhase section */

/* Begin PBXSourcesBuildPhase section */
		8F680EFC27B842A800889838 /* Sources */ = {
			isa = PBXSourcesBuildPhase;
			buildActionMask = 2147483647;
			files = (
				8FE05BB127B8CF21002B4DBA /* SettingsView.swift in Sources */,
				8FE05BAE27B8CF12002B4DBA /* JournalView.swift in Sources */,
				8F680F0927B842A800889838 /* Liquid.xcdatamodeld in Sources */,
				8FEA84E527BF78D90090B10C /* ResetPasswordView.swift in Sources */,
				8F680F0F27B842A800889838 /* Persistence.swift in Sources */,
				8F680F0B27B842A800889838 /* LiquidApp.swift in Sources */,
				8FE05BAB27B8CF02002B4DBA /* HomeView.swift in Sources */,
				8F0D540827BD7EC60020B033 /* Login_SignupView.swift in Sources */,
				8F680F0D27B842A800889838 /* ContentView.swift in Sources */,
			);
			runOnlyForDeploymentPostprocessing = 0;
		};
		8F680F0227B842A800889838 /* Sources */ = {
			isa = PBXSourcesBuildPhase;
			buildActionMask = 2147483647;
			files = (
				8FE05BB227B8CF21002B4DBA /* SettingsView.swift in Sources */,
				8FE05BAF27B8CF12002B4DBA /* JournalView.swift in Sources */,
				8F680F0A27B842A800889838 /* Liquid.xcdatamodeld in Sources */,
				8FEA84E627BF78D90090B10C /* ResetPasswordView.swift in Sources */,
				8F680F1027B842A800889838 /* Persistence.swift in Sources */,
				8F680F0C27B842A800889838 /* LiquidApp.swift in Sources */,
				8FE05BAC27B8CF02002B4DBA /* HomeView.swift in Sources */,
				8F0D540927BD7EC60020B033 /* Login_SignupView.swift in Sources */,
				8F680F0E27B842A800889838 /* ContentView.swift in Sources */,
			);
			runOnlyForDeploymentPostprocessing = 0;
		};
/* End PBXSourcesBuildPhase section */

/* Begin XCBuildConfiguration section */
		8F680F1327B842A800889838 /* Debug */ = {
			isa = XCBuildConfiguration;
			buildSettings = {
				ALWAYS_SEARCH_USER_PATHS = NO;
				CLANG_ANALYZER_NONNULL = YES;
				CLANG_ANALYZER_NUMBER_OBJECT_CONVERSION = YES_AGGRESSIVE;
				CLANG_CXX_LANGUAGE_STANDARD = "gnu++17";
				CLANG_CXX_LIBRARY = "libc++";
				CLANG_ENABLE_MODULES = YES;
				CLANG_ENABLE_OBJC_ARC = YES;
				CLANG_ENABLE_OBJC_WEAK = YES;
				CLANG_WARN_BLOCK_CAPTURE_AUTORELEASING = YES;
				CLANG_WARN_BOOL_CONVERSION = YES;
				CLANG_WARN_COMMA = YES;
				CLANG_WARN_CONSTANT_CONVERSION = YES;
				CLANG_WARN_DEPRECATED_OBJC_IMPLEMENTATIONS = YES;
				CLANG_WARN_DIRECT_OBJC_ISA_USAGE = YES_ERROR;
				CLANG_WARN_DOCUMENTATION_COMMENTS = YES;
				CLANG_WARN_EMPTY_BODY = YES;
				CLANG_WARN_ENUM_CONVERSION = YES;
				CLANG_WARN_INFINITE_RECURSION = YES;
				CLANG_WARN_INT_CONVERSION = YES;
				CLANG_WARN_NON_LITERAL_NULL_CONVERSION = YES;
				CLANG_WARN_OBJC_IMPLICIT_RETAIN_SELF = YES;
				CLANG_WARN_OBJC_LITERAL_CONVERSION = YES;
				CLANG_WARN_OBJC_ROOT_CLASS = YES_ERROR;
				CLANG_WARN_QUOTED_INCLUDE_IN_FRAMEWORK_HEADER = YES;
				CLANG_WARN_RANGE_LOOP_ANALYSIS = YES;
				CLANG_WARN_STRICT_PROTOTYPES = YES;
				CLANG_WARN_SUSPICIOUS_MOVE = YES;
				CLANG_WARN_UNGUARDED_AVAILABILITY = YES_AGGRESSIVE;
				CLANG_WARN_UNREACHABLE_CODE = YES;
				CLANG_WARN__DUPLICATE_METHOD_MATCH = YES;
				COPY_PHASE_STRIP = NO;
				DEBUG_INFORMATION_FORMAT = dwarf;
				ENABLE_STRICT_OBJC_MSGSEND = YES;
				ENABLE_TESTABILITY = YES;
				GCC_C_LANGUAGE_STANDARD = gnu11;
				GCC_DYNAMIC_NO_PIC = NO;
				GCC_NO_COMMON_BLOCKS = YES;
				GCC_OPTIMIZATION_LEVEL = 0;
				GCC_PREPROCESSOR_DEFINITIONS = (
					"DEBUG=1",
					"$(inherited)",
				);
				GCC_WARN_64_TO_32_BIT_CONVERSION = YES;
				GCC_WARN_ABOUT_RETURN_TYPE = YES_ERROR;
				GCC_WARN_UNDECLARED_SELECTOR = YES;
				GCC_WARN_UNINITIALIZED_AUTOS = YES_AGGRESSIVE;
				GCC_WARN_UNUSED_FUNCTION = YES;
				GCC_WARN_UNUSED_VARIABLE = YES;
				IPHONEOS_DEPLOYMENT_TARGET = 15.2;
				MACOSX_DEPLOYMENT_TARGET = 12.2;
				MTL_ENABLE_DEBUG_INFO = INCLUDE_SOURCE;
				MTL_FAST_MATH = YES;
				ONLY_ACTIVE_ARCH = YES;
				SWIFT_ACTIVE_COMPILATION_CONDITIONS = DEBUG;
				SWIFT_OPTIMIZATION_LEVEL = "-Onone";
			};
			name = Debug;
		};
		8F680F1427B842A800889838 /* Release */ = {
			isa = XCBuildConfiguration;
			buildSettings = {
				ALWAYS_SEARCH_USER_PATHS = NO;
				CLANG_ANALYZER_NONNULL = YES;
				CLANG_ANALYZER_NUMBER_OBJECT_CONVERSION = YES_AGGRESSIVE;
				CLANG_CXX_LANGUAGE_STANDARD = "gnu++17";
				CLANG_CXX_LIBRARY = "libc++";
				CLANG_ENABLE_MODULES = YES;
				CLANG_ENABLE_OBJC_ARC = YES;
				CLANG_ENABLE_OBJC_WEAK = YES;
				CLANG_WARN_BLOCK_CAPTURE_AUTORELEASING = YES;
				CLANG_WARN_BOOL_CONVERSION = YES;
				CLANG_WARN_COMMA = YES;
				CLANG_WARN_CONSTANT_CONVERSION = YES;
				CLANG_WARN_DEPRECATED_OBJC_IMPLEMENTATIONS = YES;
				CLANG_WARN_DIRECT_OBJC_ISA_USAGE = YES_ERROR;
				CLANG_WARN_DOCUMENTATION_COMMENTS = YES;
				CLANG_WARN_EMPTY_BODY = YES;
				CLANG_WARN_ENUM_CONVERSION = YES;
				CLANG_WARN_INFINITE_RECURSION = YES;
				CLANG_WARN_INT_CONVERSION = YES;
				CLANG_WARN_NON_LITERAL_NULL_CONVERSION = YES;
				CLANG_WARN_OBJC_IMPLICIT_RETAIN_SELF = YES;
				CLANG_WARN_OBJC_LITERAL_CONVERSION = YES;
				CLANG_WARN_OBJC_ROOT_CLASS = YES_ERROR;
				CLANG_WARN_QUOTED_INCLUDE_IN_FRAMEWORK_HEADER = YES;
				CLANG_WARN_RANGE_LOOP_ANALYSIS = YES;
				CLANG_WARN_STRICT_PROTOTYPES = YES;
				CLANG_WARN_SUSPICIOUS_MOVE = YES;
				CLANG_WARN_UNGUARDED_AVAILABILITY = YES_AGGRESSIVE;
				CLANG_WARN_UNREACHABLE_CODE = YES;
				CLANG_WARN__DUPLICATE_METHOD_MATCH = YES;
				COPY_PHASE_STRIP = NO;
				DEBUG_INFORMATION_FORMAT = "dwarf-with-dsym";
				ENABLE_NS_ASSERTIONS = NO;
				ENABLE_STRICT_OBJC_MSGSEND = YES;
				GCC_C_LANGUAGE_STANDARD = gnu11;
				GCC_NO_COMMON_BLOCKS = YES;
				GCC_WARN_64_TO_32_BIT_CONVERSION = YES;
				GCC_WARN_ABOUT_RETURN_TYPE = YES_ERROR;
				GCC_WARN_UNDECLARED_SELECTOR = YES;
				GCC_WARN_UNINITIALIZED_AUTOS = YES_AGGRESSIVE;
				GCC_WARN_UNUSED_FUNCTION = YES;
				GCC_WARN_UNUSED_VARIABLE = YES;
				IPHONEOS_DEPLOYMENT_TARGET = 15.2;
				MACOSX_DEPLOYMENT_TARGET = 12.2;
				MTL_ENABLE_DEBUG_INFO = NO;
				MTL_FAST_MATH = YES;
				SWIFT_COMPILATION_MODE = wholemodule;
				SWIFT_OPTIMIZATION_LEVEL = "-O";
			};
			name = Release;
		};
		8F680F1627B842A800889838 /* Debug */ = {
			isa = XCBuildConfiguration;
			buildSettings = {
				ASSETCATALOG_COMPILER_APPICON_NAME = AppIcon;
				ASSETCATALOG_COMPILER_GLOBAL_ACCENT_COLOR_NAME = AccentColor;
				CODE_SIGN_ENTITLEMENTS = "Liquid (iOS).entitlements";
				CODE_SIGN_IDENTITY = "Apple Development";
				CODE_SIGN_STYLE = Automatic;
				CURRENT_PROJECT_VERSION = 1;
				DEVELOPMENT_TEAM = 27TP6PG8AZ;
				ENABLE_PREVIEWS = YES;
				GENERATE_INFOPLIST_FILE = YES;
				INFOPLIST_FILE = "Liquid--iOS--Info.plist";
				INFOPLIST_KEY_UIApplicationSceneManifest_Generation = YES;
				INFOPLIST_KEY_UIApplicationSupportsIndirectInputEvents = YES;
				INFOPLIST_KEY_UILaunchScreen_Generation = YES;
				INFOPLIST_KEY_UILaunchStoryboardName = "Launch Screen";
				INFOPLIST_KEY_UISupportedInterfaceOrientations_iPad = "UIInterfaceOrientationPortrait UIInterfaceOrientationPortraitUpsideDown UIInterfaceOrientationLandscapeLeft UIInterfaceOrientationLandscapeRight";
				INFOPLIST_KEY_UISupportedInterfaceOrientations_iPhone = "UIInterfaceOrientationPortrait UIInterfaceOrientationLandscapeLeft UIInterfaceOrientationLandscapeRight";
				IPHONEOS_DEPLOYMENT_TARGET = 15.2;
				LD_RUNPATH_SEARCH_PATHS = (
					"$(inherited)",
					"@executable_path/Frameworks",
				);
				MARKETING_VERSION = 1.0;
				PRODUCT_BUNDLE_IDENTIFIER = "Albert-Dominguez.Liquid";
				PRODUCT_NAME = Liquid;
				PROVISIONING_PROFILE_SPECIFIER = "";
				SDKROOT = iphoneos;
				SWIFT_EMIT_LOC_STRINGS = YES;
				SWIFT_VERSION = 5.0;
				TARGETED_DEVICE_FAMILY = "1,2";
			};
			name = Debug;
		};
		8F680F1727B842A800889838 /* Release */ = {
			isa = XCBuildConfiguration;
			buildSettings = {
				ASSETCATALOG_COMPILER_APPICON_NAME = AppIcon;
				ASSETCATALOG_COMPILER_GLOBAL_ACCENT_COLOR_NAME = AccentColor;
				CODE_SIGN_ENTITLEMENTS = "Liquid (iOS).entitlements";
				CODE_SIGN_IDENTITY = "Apple Development";
				CODE_SIGN_STYLE = Automatic;
				CURRENT_PROJECT_VERSION = 1;
				DEVELOPMENT_TEAM = 27TP6PG8AZ;
				ENABLE_PREVIEWS = YES;
				GENERATE_INFOPLIST_FILE = YES;
				INFOPLIST_FILE = "Liquid--iOS--Info.plist";
				INFOPLIST_KEY_UIApplicationSceneManifest_Generation = YES;
				INFOPLIST_KEY_UIApplicationSupportsIndirectInputEvents = YES;
				INFOPLIST_KEY_UILaunchScreen_Generation = YES;
				INFOPLIST_KEY_UILaunchStoryboardName = "Launch Screen";
				INFOPLIST_KEY_UISupportedInterfaceOrientations_iPad = "UIInterfaceOrientationPortrait UIInterfaceOrientationPortraitUpsideDown UIInterfaceOrientationLandscapeLeft UIInterfaceOrientationLandscapeRight";
				INFOPLIST_KEY_UISupportedInterfaceOrientations_iPhone = "UIInterfaceOrientationPortrait UIInterfaceOrientationLandscapeLeft UIInterfaceOrientationLandscapeRight";
				IPHONEOS_DEPLOYMENT_TARGET = 15.2;
				LD_RUNPATH_SEARCH_PATHS = (
					"$(inherited)",
					"@executable_path/Frameworks",
				);
				MARKETING_VERSION = 1.0;
				PRODUCT_BUNDLE_IDENTIFIER = "Albert-Dominguez.Liquid";
				PRODUCT_NAME = Liquid;
				PROVISIONING_PROFILE_SPECIFIER = "";
				SDKROOT = iphoneos;
				SWIFT_EMIT_LOC_STRINGS = YES;
				SWIFT_VERSION = 5.0;
				TARGETED_DEVICE_FAMILY = "1,2";
				VALIDATE_PRODUCT = YES;
			};
			name = Release;
		};
		8F680F1927B842A800889838 /* Debug */ = {
			isa = XCBuildConfiguration;
			buildSettings = {
				ASSETCATALOG_COMPILER_APPICON_NAME = AppIcon;
				ASSETCATALOG_COMPILER_GLOBAL_ACCENT_COLOR_NAME = AccentColor;
				CODE_SIGN_ENTITLEMENTS = macOS/macOS.entitlements;
				CODE_SIGN_IDENTITY = "-";
				CODE_SIGN_STYLE = Automatic;
				COMBINE_HIDPI_IMAGES = YES;
				CURRENT_PROJECT_VERSION = 1;
				DEVELOPMENT_TEAM = 27TP6PG8AZ;
				ENABLE_HARDENED_RUNTIME = YES;
				ENABLE_PREVIEWS = YES;
				GENERATE_INFOPLIST_FILE = YES;
				INFOPLIST_KEY_NSHumanReadableCopyright = "";
				LD_RUNPATH_SEARCH_PATHS = (
					"$(inherited)",
					"@executable_path/../Frameworks",
				);
				MACOSX_DEPLOYMENT_TARGET = 12.2;
				MARKETING_VERSION = 1.0;
				PRODUCT_BUNDLE_IDENTIFIER = "Albert-Dominguez.Liquid";
				PRODUCT_NAME = Liquid;
				SDKROOT = macosx;
				SWIFT_EMIT_LOC_STRINGS = YES;
				SWIFT_VERSION = 5.0;
			};
			name = Debug;
		};
		8F680F1A27B842A800889838 /* Release */ = {
			isa = XCBuildConfiguration;
			buildSettings = {
				ASSETCATALOG_COMPILER_APPICON_NAME = AppIcon;
				ASSETCATALOG_COMPILER_GLOBAL_ACCENT_COLOR_NAME = AccentColor;
				CODE_SIGN_ENTITLEMENTS = macOS/macOS.entitlements;
				CODE_SIGN_IDENTITY = "-";
				CODE_SIGN_STYLE = Automatic;
				COMBINE_HIDPI_IMAGES = YES;
				CURRENT_PROJECT_VERSION = 1;
				DEVELOPMENT_TEAM = 27TP6PG8AZ;
				ENABLE_HARDENED_RUNTIME = YES;
				ENABLE_PREVIEWS = YES;
				GENERATE_INFOPLIST_FILE = YES;
				INFOPLIST_KEY_NSHumanReadableCopyright = "";
				LD_RUNPATH_SEARCH_PATHS = (
					"$(inherited)",
					"@executable_path/../Frameworks",
				);
				MACOSX_DEPLOYMENT_TARGET = 12.2;
				MARKETING_VERSION = 1.0;
				PRODUCT_BUNDLE_IDENTIFIER = "Albert-Dominguez.Liquid";
				PRODUCT_NAME = Liquid;
				SDKROOT = macosx;
				SWIFT_EMIT_LOC_STRINGS = YES;
				SWIFT_VERSION = 5.0;
			};
			name = Release;
		};
/* End XCBuildConfiguration section */

/* Begin XCConfigurationList section */
		8F680EF427B842A600889838 /* Build configuration list for PBXProject "Liquid" */ = {
			isa = XCConfigurationList;
			buildConfigurations = (
				8F680F1327B842A800889838 /* Debug */,
				8F680F1427B842A800889838 /* Release */,
			);
			defaultConfigurationIsVisible = 0;
			defaultConfigurationName = Release;
		};
		8F680F1527B842A800889838 /* Build configuration list for PBXNativeTarget "Liquid (iOS)" */ = {
			isa = XCConfigurationList;
			buildConfigurations = (
				8F680F1627B842A800889838 /* Debug */,
				8F680F1727B842A800889838 /* Release */,
			);
			defaultConfigurationIsVisible = 0;
			defaultConfigurationName = Release;
		};
		8F680F1827B842A800889838 /* Build configuration list for PBXNativeTarget "Liquid (macOS)" */ = {
			isa = XCConfigurationList;
			buildConfigurations = (
				8F680F1927B842A800889838 /* Debug */,
				8F680F1A27B842A800889838 /* Release */,
			);
			defaultConfigurationIsVisible = 0;
			defaultConfigurationName = Release;
		};
/* End XCConfigurationList section */

/* Begin XCRemoteSwiftPackageReference section */
		8F31F32F27BECBFC00D0D119 /* XCRemoteSwiftPackageReference "firebase-ios-sdk" */ = {
			isa = XCRemoteSwiftPackageReference;
			repositoryURL = "https://github.com/firebase/firebase-ios-sdk.git";
			requirement = {
				kind = upToNextMajorVersion;
				minimumVersion = 8.2.0;
			};
		};
		8F31F33227BECF6700D0D119 /* XCRemoteSwiftPackageReference "GoogleSignin-IOS" */ = {
			isa = XCRemoteSwiftPackageReference;
			repositoryURL = "https://github.com/google/GoogleSignin-IOS/";
			requirement = {
				kind = upToNextMajorVersion;
				minimumVersion = 6.0.0;
			};
		};
/* End XCRemoteSwiftPackageReference section */

/* Begin XCSwiftPackageProductDependency section */
		8F31F33027BECBFC00D0D119 /* FirebaseAuth */ = {
			isa = XCSwiftPackageProductDependency;
			package = 8F31F32F27BECBFC00D0D119 /* XCRemoteSwiftPackageReference "firebase-ios-sdk" */;
			productName = FirebaseAuth;
		};
		8F31F33327BECF6700D0D119 /* GoogleSignIn */ = {
			isa = XCSwiftPackageProductDependency;
			package = 8F31F33227BECF6700D0D119 /* XCRemoteSwiftPackageReference "GoogleSignin-IOS" */;
			productName = GoogleSignIn;
		};
/* End XCSwiftPackageProductDependency section */

/* Begin XCVersionGroup section */
		8F680EF627B842A600889838 /* Liquid.xcdatamodeld */ = {
			isa = XCVersionGroup;
			children = (
				8F680EF727B842A600889838 /* Shared.xcdatamodel */,
			);
			currentVersion = 8F680EF727B842A600889838 /* Shared.xcdatamodel */;
			path = Liquid.xcdatamodeld;
			sourceTree = "<group>";
			versionGroupType = wrapper.xcdatamodel;
		};
/* End XCVersionGroup section */
	};
	rootObject = 8F680EF127B842A600889838 /* Project object */;
}
